// !$*UTF8*$!
{
	archiveVersion = 1;
	classes = {
	};
	objectVersion = 46;
	objects = {

/* Begin PBXBuildFile section */
		2761F62784C9F1D6E767D90E /* libPods-XueQuFang.a in Frameworks */ = {isa = PBXBuildFile; fileRef = D34607F5CE1D73146809B115 /* libPods-XueQuFang.a */; };
		6D76BAE11ED0195A0094C98A /* SearchAnnotation.swift in Sources */ = {isa = PBXBuildFile; fileRef = 6D76BADE1ED0195A0094C98A /* SearchAnnotation.swift */; };
		6D76BAE21ED0195A0094C98A /* XiaoquDetailViewController.swift in Sources */ = {isa = PBXBuildFile; fileRef = 6D76BADF1ED0195A0094C98A /* XiaoquDetailViewController.swift */; };
		6D76BAE31ED0195A0094C98A /* XuexiaoDetailViewController.swift in Sources */ = {isa = PBXBuildFile; fileRef = 6D76BAE01ED0195A0094C98A /* XuexiaoDetailViewController.swift */; };
		6D7A8D271ED1A3BA00122E29 /* zju.jpg in Resources */ = {isa = PBXBuildFile; fileRef = 6D7A8D261ED1A3BA00122E29 /* zju.jpg */; };
		6D8A5F3F1ECA1842004D8D2C /* CommonUtility.m in Sources */ = {isa = PBXBuildFile; fileRef = 6D8A5F3E1ECA1842004D8D2C /* CommonUtility.m */; };
		6DADE0161ECC8F640080FC7C /* MapCustomDelegate.swift in Sources */ = {isa = PBXBuildFile; fileRef = 6DADE0151ECC8F640080FC7C /* MapCustomDelegate.swift */; };
		6DADE01A1ECCA7260080FC7C /* AnnotationCalloutView.swift in Sources */ = {isa = PBXBuildFile; fileRef = 6DADE0171ECCA7260080FC7C /* AnnotationCalloutView.swift */; };
		6DADE01B1ECCA7260080FC7C /* CustomAnnotationView.swift in Sources */ = {isa = PBXBuildFile; fileRef = 6DADE0181ECCA7260080FC7C /* CustomAnnotationView.swift */; };
		8D2EFE581ECC7C1900FBA2A7 /* XQFHouseRequest.m in Sources */ = {isa = PBXBuildFile; fileRef = 8D2EFE571ECC7C1900FBA2A7 /* XQFHouseRequest.m */; };
		8D2EFE5A1ECC7F2500FBA2A7 /* HouseInfoHandler.swift in Sources */ = {isa = PBXBuildFile; fileRef = 8D2EFE591ECC7F2500FBA2A7 /* HouseInfoHandler.swift */; };
		8D2EFE5C1ECC7FA100FBA2A7 /* SchoolInfoHandler.swift in Sources */ = {isa = PBXBuildFile; fileRef = 8D2EFE5B1ECC7FA100FBA2A7 /* SchoolInfoHandler.swift */; };
		8D5C01EB1ECBE87E00694C6B /* XQFSchoolRequest.m in Sources */ = {isa = PBXBuildFile; fileRef = 8D5C01EA1ECBE87E00694C6B /* XQFSchoolRequest.m */; };
		8D5C01F01ECBF03900694C6B /* BaseHandler.swift in Sources */ = {isa = PBXBuildFile; fileRef = 8D5C01EF1ECBF03900694C6B /* BaseHandler.swift */; };
		8D5C01F21ECBF51100694C6B /* Utils.swift in Sources */ = {isa = PBXBuildFile; fileRef = 8D5C01F11ECBF51100694C6B /* Utils.swift */; };
		8D5E56401EC1F03B00132BBA /* AppDelegate.swift in Sources */ = {isa = PBXBuildFile; fileRef = 8D5E563F1EC1F03B00132BBA /* AppDelegate.swift */; };
		8D5E56421EC1F03B00132BBA /* ViewController.swift in Sources */ = {isa = PBXBuildFile; fileRef = 8D5E56411EC1F03B00132BBA /* ViewController.swift */; };
		8D5E56451EC1F03B00132BBA /* Main.storyboard in Resources */ = {isa = PBXBuildFile; fileRef = 8D5E56431EC1F03B00132BBA /* Main.storyboard */; };
		8D5E56471EC1F03B00132BBA /* Assets.xcassets in Resources */ = {isa = PBXBuildFile; fileRef = 8D5E56461EC1F03B00132BBA /* Assets.xcassets */; };
		8D5E564A1EC1F03B00132BBA /* LaunchScreen.storyboard in Resources */ = {isa = PBXBuildFile; fileRef = 8D5E56481EC1F03B00132BBA /* LaunchScreen.storyboard */; };
		8DACECFA1EC488A5008E3B31 /* SearchMainVC.swift in Sources */ = {isa = PBXBuildFile; fileRef = 8DACECF91EC488A5008E3B31 /* SearchMainVC.swift */; };
		8DACECFD1EC4916F008E3B31 /* SearchResultItem.swift in Sources */ = {isa = PBXBuildFile; fileRef = 8DACECFC1EC4916F008E3B31 /* SearchResultItem.swift */; };
		8DACED081EC765D7008E3B31 /* XQFRequestManager.m in Sources */ = {isa = PBXBuildFile; fileRef = 8DACED021EC765D7008E3B31 /* XQFRequestManager.m */; };
		8DACED091EC765D7008E3B31 /* XQFRequest.m in Sources */ = {isa = PBXBuildFile; fileRef = 8DACED051EC765D7008E3B31 /* XQFRequest.m */; };
		8DACED0A1EC765D7008E3B31 /* XQFSearchRequest.m in Sources */ = {isa = PBXBuildFile; fileRef = 8DACED071EC765D7008E3B31 /* XQFSearchRequest.m */; };
/* End PBXBuildFile section */

/* Begin PBXFileReference section */
		6D76BADE1ED0195A0094C98A /* SearchAnnotation.swift */ = {isa = PBXFileReference; fileEncoding = 4; lastKnownFileType = sourcecode.swift; name = SearchAnnotation.swift; path = UI/SearchAnnotation.swift; sourceTree = "<group>"; };
		6D76BADF1ED0195A0094C98A /* XiaoquDetailViewController.swift */ = {isa = PBXFileReference; fileEncoding = 4; lastKnownFileType = sourcecode.swift; name = XiaoquDetailViewController.swift; path = UI/XiaoquDetailViewController.swift; sourceTree = "<group>"; };
		6D76BAE01ED0195A0094C98A /* XuexiaoDetailViewController.swift */ = {isa = PBXFileReference; fileEncoding = 4; lastKnownFileType = sourcecode.swift; name = XuexiaoDetailViewController.swift; path = UI/XuexiaoDetailViewController.swift; sourceTree = "<group>"; };
		6D7A8D261ED1A3BA00122E29 /* zju.jpg */ = {isa = PBXFileReference; lastKnownFileType = image.jpeg; path = zju.jpg; sourceTree = "<group>"; };
		6D8A5F3D1ECA1842004D8D2C /* CommonUtility.h */ = {isa = PBXFileReference; fileEncoding = 4; lastKnownFileType = sourcecode.c.h; path = CommonUtility.h; sourceTree = "<group>"; };
		6D8A5F3E1ECA1842004D8D2C /* CommonUtility.m */ = {isa = PBXFileReference; fileEncoding = 4; lastKnownFileType = sourcecode.c.objc; path = CommonUtility.m; sourceTree = "<group>"; };
		6DADE0151ECC8F640080FC7C /* MapCustomDelegate.swift */ = {isa = PBXFileReference; fileEncoding = 4; lastKnownFileType = sourcecode.swift; name = MapCustomDelegate.swift; path = UI/MapCustomDelegate.swift; sourceTree = "<group>"; };
		6DADE0171ECCA7260080FC7C /* AnnotationCalloutView.swift */ = {isa = PBXFileReference; fileEncoding = 4; lastKnownFileType = sourcecode.swift; name = AnnotationCalloutView.swift; path = UI/AnnotationCalloutView.swift; sourceTree = "<group>"; };
		6DADE0181ECCA7260080FC7C /* CustomAnnotationView.swift */ = {isa = PBXFileReference; fileEncoding = 4; lastKnownFileType = sourcecode.swift; name = CustomAnnotationView.swift; path = UI/CustomAnnotationView.swift; sourceTree = "<group>"; };
		8D2EFE561ECC7C1900FBA2A7 /* XQFHouseRequest.h */ = {isa = PBXFileReference; fileEncoding = 4; lastKnownFileType = sourcecode.c.h; path = XQFHouseRequest.h; sourceTree = "<group>"; };
		8D2EFE571ECC7C1900FBA2A7 /* XQFHouseRequest.m */ = {isa = PBXFileReference; fileEncoding = 4; lastKnownFileType = sourcecode.c.objc; path = XQFHouseRequest.m; sourceTree = "<group>"; };
		8D2EFE591ECC7F2500FBA2A7 /* HouseInfoHandler.swift */ = {isa = PBXFileReference; fileEncoding = 4; lastKnownFileType = sourcecode.swift; name = HouseInfoHandler.swift; path = Handler/HouseInfoHandler.swift; sourceTree = "<group>"; };
		8D2EFE5B1ECC7FA100FBA2A7 /* SchoolInfoHandler.swift */ = {isa = PBXFileReference; fileEncoding = 4; lastKnownFileType = sourcecode.swift; name = SchoolInfoHandler.swift; path = Handler/SchoolInfoHandler.swift; sourceTree = "<group>"; };
		8D2EFE5D1ECD2F5500FBA2A7 /* zh-Hans */ = {isa = PBXFileReference; lastKnownFileType = text.plist.strings; name = "zh-Hans"; path = "zh-Hans.lproj/Main.strings"; sourceTree = "<group>"; };
		8D2EFE5E1ECD2F5500FBA2A7 /* zh-Hans */ = {isa = PBXFileReference; lastKnownFileType = text.plist.strings; name = "zh-Hans"; path = "zh-Hans.lproj/LaunchScreen.strings"; sourceTree = "<group>"; };
		8D5C01E91ECBE87E00694C6B /* XQFSchoolRequest.h */ = {isa = PBXFileReference; fileEncoding = 4; lastKnownFileType = sourcecode.c.h; path = XQFSchoolRequest.h; sourceTree = "<group>"; };
		8D5C01EA1ECBE87E00694C6B /* XQFSchoolRequest.m */ = {isa = PBXFileReference; fileEncoding = 4; lastKnownFileType = sourcecode.c.objc; path = XQFSchoolRequest.m; sourceTree = "<group>"; };
		8D5C01EF1ECBF03900694C6B /* BaseHandler.swift */ = {isa = PBXFileReference; fileEncoding = 4; lastKnownFileType = sourcecode.swift; name = BaseHandler.swift; path = Handler/BaseHandler.swift; sourceTree = "<group>"; };
		8D5C01F11ECBF51100694C6B /* Utils.swift */ = {isa = PBXFileReference; fileEncoding = 4; lastKnownFileType = sourcecode.swift; path = Utils.swift; sourceTree = "<group>"; };
		8D5E563C1EC1F03B00132BBA /* XueQuFang.app */ = {isa = PBXFileReference; explicitFileType = wrapper.application; includeInIndex = 0; path = XueQuFang.app; sourceTree = BUILT_PRODUCTS_DIR; };
		8D5E563F1EC1F03B00132BBA /* AppDelegate.swift */ = {isa = PBXFileReference; lastKnownFileType = sourcecode.swift; path = AppDelegate.swift; sourceTree = "<group>"; };
		8D5E56411EC1F03B00132BBA /* ViewController.swift */ = {isa = PBXFileReference; lastKnownFileType = sourcecode.swift; path = ViewController.swift; sourceTree = "<group>"; };
		8D5E56441EC1F03B00132BBA /* Base */ = {isa = PBXFileReference; lastKnownFileType = file.storyboard; name = Base; path = Base.lproj/Main.storyboard; sourceTree = "<group>"; };
		8D5E56461EC1F03B00132BBA /* Assets.xcassets */ = {isa = PBXFileReference; lastKnownFileType = folder.assetcatalog; path = Assets.xcassets; sourceTree = "<group>"; };
		8D5E56491EC1F03B00132BBA /* Base */ = {isa = PBXFileReference; lastKnownFileType = file.storyboard; name = Base; path = Base.lproj/LaunchScreen.storyboard; sourceTree = "<group>"; };
		8D5E564B1EC1F03B00132BBA /* Info.plist */ = {isa = PBXFileReference; lastKnownFileType = text.plist.xml; path = Info.plist; sourceTree = "<group>"; };
		8DACECF91EC488A5008E3B31 /* SearchMainVC.swift */ = {isa = PBXFileReference; fileEncoding = 4; lastKnownFileType = sourcecode.swift; name = SearchMainVC.swift; path = UI/SearchMainVC.swift; sourceTree = "<group>"; };
		8DACECFC1EC4916F008E3B31 /* SearchResultItem.swift */ = {isa = PBXFileReference; fileEncoding = 4; lastKnownFileType = sourcecode.swift; name = SearchResultItem.swift; path = Model/SearchResultItem.swift; sourceTree = "<group>"; };
		8DACED011EC765D7008E3B31 /* XQFRequestManager.h */ = {isa = PBXFileReference; fileEncoding = 4; lastKnownFileType = sourcecode.c.h; path = XQFRequestManager.h; sourceTree = "<group>"; };
		8DACED021EC765D7008E3B31 /* XQFRequestManager.m */ = {isa = PBXFileReference; fileEncoding = 4; lastKnownFileType = sourcecode.c.objc; path = XQFRequestManager.m; sourceTree = "<group>"; };
		8DACED041EC765D7008E3B31 /* XQFRequest.h */ = {isa = PBXFileReference; fileEncoding = 4; lastKnownFileType = sourcecode.c.h; path = XQFRequest.h; sourceTree = "<group>"; };
		8DACED051EC765D7008E3B31 /* XQFRequest.m */ = {isa = PBXFileReference; fileEncoding = 4; lastKnownFileType = sourcecode.c.objc; path = XQFRequest.m; sourceTree = "<group>"; };
		8DACED061EC765D7008E3B31 /* XQFSearchRequest.h */ = {isa = PBXFileReference; fileEncoding = 4; lastKnownFileType = sourcecode.c.h; path = XQFSearchRequest.h; sourceTree = "<group>"; };
		8DACED071EC765D7008E3B31 /* XQFSearchRequest.m */ = {isa = PBXFileReference; fileEncoding = 4; lastKnownFileType = sourcecode.c.objc; path = XQFSearchRequest.m; sourceTree = "<group>"; };
		8DACED0B1EC76997008E3B31 /* XueQuFang-Bridging-Header.h */ = {isa = PBXFileReference; lastKnownFileType = sourcecode.c.h; path = "XueQuFang-Bridging-Header.h"; sourceTree = "<group>"; };
		BC6B98B768BA65AEFB78845C /* Pods-XueQuFang.debug.xcconfig */ = {isa = PBXFileReference; includeInIndex = 1; lastKnownFileType = text.xcconfig; name = "Pods-XueQuFang.debug.xcconfig"; path = "Pods/Target Support Files/Pods-XueQuFang/Pods-XueQuFang.debug.xcconfig"; sourceTree = "<group>"; };
		C4AB87CFF743D57E9AAE9144 /* Pods-XueQuFang.release.xcconfig */ = {isa = PBXFileReference; includeInIndex = 1; lastKnownFileType = text.xcconfig; name = "Pods-XueQuFang.release.xcconfig"; path = "Pods/Target Support Files/Pods-XueQuFang/Pods-XueQuFang.release.xcconfig"; sourceTree = "<group>"; };
		D34607F5CE1D73146809B115 /* libPods-XueQuFang.a */ = {isa = PBXFileReference; explicitFileType = archive.ar; includeInIndex = 0; path = "libPods-XueQuFang.a"; sourceTree = BUILT_PRODUCTS_DIR; };
/* End PBXFileReference section */

/* Begin PBXFrameworksBuildPhase section */
		8D5E56391EC1F03B00132BBA /* Frameworks */ = {
			isa = PBXFrameworksBuildPhase;
			buildActionMask = 2147483647;
			files = (
				2761F62784C9F1D6E767D90E /* libPods-XueQuFang.a in Frameworks */,
			);
			runOnlyForDeploymentPostprocessing = 0;
		};
/* End PBXFrameworksBuildPhase section */

/* Begin PBXGroup section */
		6D7A8D251ED1A3BA00122E29 /* Resources */ = {
			isa = PBXGroup;
			children = (
				6D7A8D261ED1A3BA00122E29 /* zju.jpg */,
			);
			path = Resources;
			sourceTree = "<group>";
		};
		6D8A5F3C1ECA1842004D8D2C /* Utils */ = {
			isa = PBXGroup;
			children = (
				6D8A5F3D1ECA1842004D8D2C /* CommonUtility.h */,
				6D8A5F3E1ECA1842004D8D2C /* CommonUtility.m */,
				8D5C01F11ECBF51100694C6B /* Utils.swift */,
			);
			path = Utils;
			sourceTree = "<group>";
		};
		819EA56C4ADC2BCC9216747A /* Pods */ = {
			isa = PBXGroup;
			children = (
				BC6B98B768BA65AEFB78845C /* Pods-XueQuFang.debug.xcconfig */,
				C4AB87CFF743D57E9AAE9144 /* Pods-XueQuFang.release.xcconfig */,
			);
			name = Pods;
			sourceTree = "<group>";
		};
		8D5C01EE1ECBF01A00694C6B /* Handler */ = {
			isa = PBXGroup;
			children = (
				8D2EFE5B1ECC7FA100FBA2A7 /* SchoolInfoHandler.swift */,
				8D5C01EF1ECBF03900694C6B /* BaseHandler.swift */,
				8D2EFE591ECC7F2500FBA2A7 /* HouseInfoHandler.swift */,
			);
			name = Handler;
			sourceTree = "<group>";
		};
		8D5E56331EC1F03B00132BBA = {
			isa = PBXGroup;
			children = (
				8D5E563E1EC1F03B00132BBA /* XueQuFang */,
				8D5E563D1EC1F03B00132BBA /* Products */,
				819EA56C4ADC2BCC9216747A /* Pods */,
				C630D70E11D033973AB9B5E1 /* Frameworks */,
			);
			sourceTree = "<group>";
		};
		8D5E563D1EC1F03B00132BBA /* Products */ = {
			isa = PBXGroup;
			children = (
				8D5E563C1EC1F03B00132BBA /* XueQuFang.app */,
			);
			name = Products;
			sourceTree = "<group>";
		};
		8D5E563E1EC1F03B00132BBA /* XueQuFang */ = {
			isa = PBXGroup;
			children = (
				6D7A8D251ED1A3BA00122E29 /* Resources */,
				8D5C01EE1ECBF01A00694C6B /* Handler */,
				6D8A5F3C1ECA1842004D8D2C /* Utils */,
				8DACED001EC765D7008E3B31 /* Manager */,
				8DACED031EC765D7008E3B31 /* Request */,
				8DACECFB1EC49151008E3B31 /* Model */,
				8DACECF81EC48876008E3B31 /* UI */,
				8D5E563F1EC1F03B00132BBA /* AppDelegate.swift */,
				8D5E56411EC1F03B00132BBA /* ViewController.swift */,
				8D5E56431EC1F03B00132BBA /* Main.storyboard */,
				8D5E56461EC1F03B00132BBA /* Assets.xcassets */,
				8D5E56481EC1F03B00132BBA /* LaunchScreen.storyboard */,
				8D5E564B1EC1F03B00132BBA /* Info.plist */,
				8DACED0B1EC76997008E3B31 /* XueQuFang-Bridging-Header.h */,
			);
			path = XueQuFang;
			sourceTree = "<group>";
		};
		8DACECF81EC48876008E3B31 /* UI */ = {
			isa = PBXGroup;
			children = (
				6D76BADE1ED0195A0094C98A /* SearchAnnotation.swift */,
				6D76BADF1ED0195A0094C98A /* XiaoquDetailViewController.swift */,
				6D76BAE01ED0195A0094C98A /* XuexiaoDetailViewController.swift */,
				6DADE0171ECCA7260080FC7C /* AnnotationCalloutView.swift */,
				6DADE0181ECCA7260080FC7C /* CustomAnnotationView.swift */,
				8DACECF91EC488A5008E3B31 /* SearchMainVC.swift */,
				6DADE0151ECC8F640080FC7C /* MapCustomDelegate.swift */,
			);
			name = UI;
			sourceTree = "<group>";
		};
		8DACECFB1EC49151008E3B31 /* Model */ = {
			isa = PBXGroup;
			children = (
				8DACECFC1EC4916F008E3B31 /* SearchResultItem.swift */,
			);
			name = Model;
			sourceTree = "<group>";
		};
		8DACED001EC765D7008E3B31 /* Manager */ = {
			isa = PBXGroup;
			children = (
				8DACED011EC765D7008E3B31 /* XQFRequestManager.h */,
				8DACED021EC765D7008E3B31 /* XQFRequestManager.m */,
			);
			path = Manager;
			sourceTree = "<group>";
		};
		8DACED031EC765D7008E3B31 /* Request */ = {
			isa = PBXGroup;
			children = (
				8DACED041EC765D7008E3B31 /* XQFRequest.h */,
				8DACED051EC765D7008E3B31 /* XQFRequest.m */,
				8DACED061EC765D7008E3B31 /* XQFSearchRequest.h */,
				8DACED071EC765D7008E3B31 /* XQFSearchRequest.m */,
				8D5C01E91ECBE87E00694C6B /* XQFSchoolRequest.h */,
				8D5C01EA1ECBE87E00694C6B /* XQFSchoolRequest.m */,
				8D2EFE561ECC7C1900FBA2A7 /* XQFHouseRequest.h */,
				8D2EFE571ECC7C1900FBA2A7 /* XQFHouseRequest.m */,
			);
			path = Request;
			sourceTree = "<group>";
		};
		C630D70E11D033973AB9B5E1 /* Frameworks */ = {
			isa = PBXGroup;
			children = (
				D34607F5CE1D73146809B115 /* libPods-XueQuFang.a */,
			);
			name = Frameworks;
			sourceTree = "<group>";
		};
/* End PBXGroup section */

/* Begin PBXNativeTarget section */
		8D5E563B1EC1F03B00132BBA /* XueQuFang */ = {
			isa = PBXNativeTarget;
			buildConfigurationList = 8D5E564E1EC1F03B00132BBA /* Build configuration list for PBXNativeTarget "XueQuFang" */;
			buildPhases = (
				62CDAEC1C7F0FE51A2F31CFB /* [CP] Check Pods Manifest.lock */,
				8D5E56381EC1F03B00132BBA /* Sources */,
				8D5E56391EC1F03B00132BBA /* Frameworks */,
				8D5E563A1EC1F03B00132BBA /* Resources */,
				3433FC05DD8B24187538B22B /* [CP] Embed Pods Frameworks */,
				F2FA671C354C55B7E5527747 /* [CP] Copy Pods Resources */,
			);
			buildRules = (
			);
			dependencies = (
			);
			name = XueQuFang;
			productName = XueQuFang;
			productReference = 8D5E563C1EC1F03B00132BBA /* XueQuFang.app */;
			productType = "com.apple.product-type.application";
		};
/* End PBXNativeTarget section */

/* Begin PBXProject section */
		8D5E56341EC1F03B00132BBA /* Project object */ = {
			isa = PBXProject;
			attributes = {
				LastSwiftUpdateCheck = 0830;
				LastUpgradeCheck = 0830;
				ORGANIZATIONNAME = xqf;
				TargetAttributes = {
					8D5E563B1EC1F03B00132BBA = {
						CreatedOnToolsVersion = 8.3.2;
						DevelopmentTeam = E29287X37F;
						ProvisioningStyle = Automatic;
					};
				};
			};
			buildConfigurationList = 8D5E56371EC1F03B00132BBA /* Build configuration list for PBXProject "XueQuFang" */;
			compatibilityVersion = "Xcode 3.2";
			developmentRegion = English;
			hasScannedForEncodings = 0;
			knownRegions = (
				en,
				Base,
			);
			mainGroup = 8D5E56331EC1F03B00132BBA;
			productRefGroup = 8D5E563D1EC1F03B00132BBA /* Products */;
			projectDirPath = "";
			projectRoot = "";
			targets = (
				8D5E563B1EC1F03B00132BBA /* XueQuFang */,
			);
		};
/* End PBXProject section */

/* Begin PBXResourcesBuildPhase section */
		8D5E563A1EC1F03B00132BBA /* Resources */ = {
			isa = PBXResourcesBuildPhase;
			buildActionMask = 2147483647;
			files = (
				8D5E564A1EC1F03B00132BBA /* LaunchScreen.storyboard in Resources */,
				8D5E56471EC1F03B00132BBA /* Assets.xcassets in Resources */,
				8D5E56451EC1F03B00132BBA /* Main.storyboard in Resources */,
				6D7A8D271ED1A3BA00122E29 /* zju.jpg in Resources */,
			);
			runOnlyForDeploymentPostprocessing = 0;
		};
/* End PBXResourcesBuildPhase section */

/* Begin PBXShellScriptBuildPhase section */
		3433FC05DD8B24187538B22B /* [CP] Embed Pods Frameworks */ = {
			isa = PBXShellScriptBuildPhase;
			buildActionMask = 2147483647;
			files = (
			);
			inputPaths = (
			);
			name = "[CP] Embed Pods Frameworks";
			outputPaths = (
			);
			runOnlyForDeploymentPostprocessing = 0;
			shellPath = /bin/sh;
			shellScript = "\"${SRCROOT}/Pods/Target Support Files/Pods-XueQuFang/Pods-XueQuFang-frameworks.sh\"\n";
			showEnvVarsInLog = 0;
		};
		62CDAEC1C7F0FE51A2F31CFB /* [CP] Check Pods Manifest.lock */ = {
			isa = PBXShellScriptBuildPhase;
			buildActionMask = 2147483647;
			files = (
			);
			inputPaths = (
			);
			name = "[CP] Check Pods Manifest.lock";
			outputPaths = (
			);
			runOnlyForDeploymentPostprocessing = 0;
			shellPath = /bin/sh;
			shellScript = "diff \"${PODS_ROOT}/../Podfile.lock\" \"${PODS_ROOT}/Manifest.lock\" > /dev/null\nif [ $? != 0 ] ; then\n    # print error to STDERR\n    echo \"error: The sandbox is not in sync with the Podfile.lock. Run 'pod install' or update your CocoaPods installation.\" >&2\n    exit 1\nfi\n";
			showEnvVarsInLog = 0;
		};
		F2FA671C354C55B7E5527747 /* [CP] Copy Pods Resources */ = {
			isa = PBXShellScriptBuildPhase;
			buildActionMask = 2147483647;
			files = (
			);
			inputPaths = (
			);
			name = "[CP] Copy Pods Resources";
			outputPaths = (
			);
			runOnlyForDeploymentPostprocessing = 0;
			shellPath = /bin/sh;
			shellScript = "\"${SRCROOT}/Pods/Target Support Files/Pods-XueQuFang/Pods-XueQuFang-resources.sh\"\n";
			showEnvVarsInLog = 0;
		};
/* End PBXShellScriptBuildPhase section */

/* Begin PBXSourcesBuildPhase section */
		8D5E56381EC1F03B00132BBA /* Sources */ = {
			isa = PBXSourcesBuildPhase;
			buildActionMask = 2147483647;
			files = (
				6D76BAE21ED0195A0094C98A /* XiaoquDetailViewController.swift in Sources */,
				6D76BAE11ED0195A0094C98A /* SearchAnnotation.swift in Sources */,
				6DADE01A1ECCA7260080FC7C /* AnnotationCalloutView.swift in Sources */,
				6D76BAE31ED0195A0094C98A /* XuexiaoDetailViewController.swift in Sources */,
				8D2EFE5C1ECC7FA100FBA2A7 /* SchoolInfoHandler.swift in Sources */,
				8D5C01F01ECBF03900694C6B /* BaseHandler.swift in Sources */,
				8DACED0A1EC765D7008E3B31 /* XQFSearchRequest.m in Sources */,
				8DACED081EC765D7008E3B31 /* XQFRequestManager.m in Sources */,
				6DADE0161ECC8F640080FC7C /* MapCustomDelegate.swift in Sources */,
				8DACECFA1EC488A5008E3B31 /* SearchMainVC.swift in Sources */,
				6DADE01B1ECCA7260080FC7C /* CustomAnnotationView.swift in Sources */,
				8D2EFE581ECC7C1900FBA2A7 /* XQFHouseRequest.m in Sources */,
				8D5C01EB1ECBE87E00694C6B /* XQFSchoolRequest.m in Sources */,
				8DACECFD1EC4916F008E3B31 /* SearchResultItem.swift in Sources */,
				8D2EFE5A1ECC7F2500FBA2A7 /* HouseInfoHandler.swift in Sources */,
				8D5E56421EC1F03B00132BBA /* ViewController.swift in Sources */,
				8D5E56401EC1F03B00132BBA /* AppDelegate.swift in Sources */,
				8DACED091EC765D7008E3B31 /* XQFRequest.m in Sources */,
				6D8A5F3F1ECA1842004D8D2C /* CommonUtility.m in Sources */,
				8D5C01F21ECBF51100694C6B /* Utils.swift in Sources */,
			);
			runOnlyForDeploymentPostprocessing = 0;
		};
/* End PBXSourcesBuildPhase section */

/* Begin PBXVariantGroup section */
		8D5E56431EC1F03B00132BBA /* Main.storyboard */ = {
			isa = PBXVariantGroup;
			children = (
				8D5E56441EC1F03B00132BBA /* Base */,
				8D2EFE5D1ECD2F5500FBA2A7 /* zh-Hans */,
			);
			name = Main.storyboard;
			sourceTree = "<group>";
		};
		8D5E56481EC1F03B00132BBA /* LaunchScreen.storyboard */ = {
			isa = PBXVariantGroup;
			children = (
				8D5E56491EC1F03B00132BBA /* Base */,
				8D2EFE5E1ECD2F5500FBA2A7 /* zh-Hans */,
			);
			name = LaunchScreen.storyboard;
			sourceTree = "<group>";
		};
/* End PBXVariantGroup section */

/* Begin XCBuildConfiguration section */
		8D5E564C1EC1F03B00132BBA /* Debug */ = {
			isa = XCBuildConfiguration;
			buildSettings = {
				ALWAYS_SEARCH_USER_PATHS = NO;
				CLANG_ANALYZER_LOCALIZABILITY_NONLOCALIZED = YES;
				CLANG_ANALYZER_NONNULL = YES;
				CLANG_ANALYZER_NUMBER_OBJECT_CONVERSION = YES_AGGRESSIVE;
				CLANG_CXX_LANGUAGE_STANDARD = "gnu++0x";
				CLANG_CXX_LIBRARY = "libc++";
				CLANG_ENABLE_MODULES = YES;
				CLANG_ENABLE_OBJC_ARC = YES;
				CLANG_WARN_BOOL_CONVERSION = YES;
				CLANG_WARN_CONSTANT_CONVERSION = YES;
				CLANG_WARN_DIRECT_OBJC_ISA_USAGE = YES_ERROR;
				CLANG_WARN_DOCUMENTATION_COMMENTS = YES;
				CLANG_WARN_EMPTY_BODY = YES;
				CLANG_WARN_ENUM_CONVERSION = YES;
				CLANG_WARN_INFINITE_RECURSION = YES;
				CLANG_WARN_INT_CONVERSION = YES;
				CLANG_WARN_OBJC_ROOT_CLASS = YES_ERROR;
				CLANG_WARN_SUSPICIOUS_MOVE = YES;
				CLANG_WARN_UNREACHABLE_CODE = YES;
				CLANG_WARN__DUPLICATE_METHOD_MATCH = YES;
				"CODE_SIGN_IDENTITY[sdk=iphoneos*]" = "iPhone Developer";
				COPY_PHASE_STRIP = NO;
				DEBUG_INFORMATION_FORMAT = dwarf;
				ENABLE_STRICT_OBJC_MSGSEND = YES;
				ENABLE_TESTABILITY = YES;
				GCC_C_LANGUAGE_STANDARD = gnu99;
				GCC_DYNAMIC_NO_PIC = NO;
				GCC_NO_COMMON_BLOCKS = YES;
				GCC_OPTIMIZATION_LEVEL = 0;
				GCC_PREPROCESSOR_DEFINITIONS = (
					"DEBUG=1",
					"$(inherited)",
				);
				GCC_WARN_64_TO_32_BIT_CONVERSION = YES;
				GCC_WARN_ABOUT_RETURN_TYPE = YES_ERROR;
				GCC_WARN_UNDECLARED_SELECTOR = YES;
				GCC_WARN_UNINITIALIZED_AUTOS = YES_AGGRESSIVE;
				GCC_WARN_UNUSED_FUNCTION = YES;
				GCC_WARN_UNUSED_VARIABLE = YES;
				IPHONEOS_DEPLOYMENT_TARGET = 10.3;
				MTL_ENABLE_DEBUG_INFO = YES;
				ONLY_ACTIVE_ARCH = YES;
				SDKROOT = iphoneos;
				SWIFT_ACTIVE_COMPILATION_CONDITIONS = DEBUG;
				SWIFT_OPTIMIZATION_LEVEL = "-Onone";
			};
			name = Debug;
		};
		8D5E564D1EC1F03B00132BBA /* Release */ = {
			isa = XCBuildConfiguration;
			buildSettings = {
				ALWAYS_SEARCH_USER_PATHS = NO;
				CLANG_ANALYZER_LOCALIZABILITY_NONLOCALIZED = YES;
				CLANG_ANALYZER_NONNULL = YES;
				CLANG_ANALYZER_NUMBER_OBJECT_CONVERSION = YES_AGGRESSIVE;
				CLANG_CXX_LANGUAGE_STANDARD = "gnu++0x";
				CLANG_CXX_LIBRARY = "libc++";
				CLANG_ENABLE_MODULES = YES;
				CLANG_ENABLE_OBJC_ARC = YES;
				CLANG_WARN_BOOL_CONVERSION = YES;
				CLANG_WARN_CONSTANT_CONVERSION = YES;
				CLANG_WARN_DIRECT_OBJC_ISA_USAGE = YES_ERROR;
				CLANG_WARN_DOCUMENTATION_COMMENTS = YES;
				CLANG_WARN_EMPTY_BODY = YES;
				CLANG_WARN_ENUM_CONVERSION = YES;
				CLANG_WARN_INFINITE_RECURSION = YES;
				CLANG_WARN_INT_CONVERSION = YES;
				CLANG_WARN_OBJC_ROOT_CLASS = YES_ERROR;
				CLANG_WARN_SUSPICIOUS_MOVE = YES;
				CLANG_WARN_UNREACHABLE_CODE = YES;
				CLANG_WARN__DUPLICATE_METHOD_MATCH = YES;
				"CODE_SIGN_IDENTITY[sdk=iphoneos*]" = "iPhone Developer";
				COPY_PHASE_STRIP = NO;
				DEBUG_INFORMATION_FORMAT = "dwarf-with-dsym";
				ENABLE_NS_ASSERTIONS = NO;
				ENABLE_STRICT_OBJC_MSGSEND = YES;
				GCC_C_LANGUAGE_STANDARD = gnu99;
				GCC_NO_COMMON_BLOCKS = YES;
				GCC_WARN_64_TO_32_BIT_CONVERSION = YES;
				GCC_WARN_ABOUT_RETURN_TYPE = YES_ERROR;
				GCC_WARN_UNDECLARED_SELECTOR = YES;
				GCC_WARN_UNINITIALIZED_AUTOS = YES_AGGRESSIVE;
				GCC_WARN_UNUSED_FUNCTION = YES;
				GCC_WARN_UNUSED_VARIABLE = YES;
				IPHONEOS_DEPLOYMENT_TARGET = 10.3;
				MTL_ENABLE_DEBUG_INFO = NO;
				SDKROOT = iphoneos;
				SWIFT_OPTIMIZATION_LEVEL = "-Owholemodule";
				VALIDATE_PRODUCT = YES;
			};
			name = Release;
		};
		8D5E564F1EC1F03B00132BBA /* Debug */ = {
			isa = XCBuildConfiguration;
			baseConfigurationReference = BC6B98B768BA65AEFB78845C /* Pods-XueQuFang.debug.xcconfig */;
			buildSettings = {
				ASSETCATALOG_COMPILER_APPICON_NAME = AppIcon;
				DEVELOPMENT_TEAM = E29287X37F;
				INFOPLIST_FILE = XueQuFang/Info.plist;
				IPHONEOS_DEPLOYMENT_TARGET = 9.0;
				LD_RUNPATH_SEARCH_PATHS = "$(inherited) @executable_path/Frameworks";
				PRODUCT_BUNDLE_IDENTIFIER = xqf.com.XueQuFang;
				PRODUCT_NAME = "$(TARGET_NAME)";
				SWIFT_OBJC_BRIDGING_HEADER = "XueQuFang/XueQuFang-Bridging-Header.h";
				SWIFT_VERSION = 3.0;
			};
			name = Debug;
		};
		8D5E56501EC1F03B00132BBA /* Release */ = {
			isa = XCBuildConfiguration;
			baseConfigurationReference = C4AB87CFF743D57E9AAE9144 /* Pods-XueQuFang.release.xcconfig */;
			buildSettings = {
				ASSETCATALOG_COMPILER_APPICON_NAME = AppIcon;
				DEVELOPMENT_TEAM = E29287X37F;
				INFOPLIST_FILE = XueQuFang/Info.plist;
				IPHONEOS_DEPLOYMENT_TARGET = 9.0;
				LD_RUNPATH_SEARCH_PATHS = "$(inherited) @executable_path/Frameworks";
				PRODUCT_BUNDLE_IDENTIFIER = xqf.com.XueQuFang;
				PRODUCT_NAME = "$(TARGET_NAME)";
				SWIFT_OBJC_BRIDGING_HEADER = "XueQuFang/XueQuFang-Bridging-Header.h";
				SWIFT_VERSION = 3.0;
			};
			name = Release;
		};
/* End XCBuildConfiguration section */

/* Begin XCConfigurationList section */
		8D5E56371EC1F03B00132BBA /* Build configuration list for PBXProject "XueQuFang" */ = {
			isa = XCConfigurationList;
			buildConfigurations = (
				8D5E564C1EC1F03B00132BBA /* Debug */,
				8D5E564D1EC1F03B00132BBA /* Release */,
			);
			defaultConfigurationIsVisible = 0;
			defaultConfigurationName = Release;
		};
		8D5E564E1EC1F03B00132BBA /* Build configuration list for PBXNativeTarget "XueQuFang" */ = {
			isa = XCConfigurationList;
			buildConfigurations = (
				8D5E564F1EC1F03B00132BBA /* Debug */,
				8D5E56501EC1F03B00132BBA /* Release */,
			);
			defaultConfigurationIsVisible = 0;
			defaultConfigurationName = Release;
		};
/* End XCConfigurationList section */
	};
	rootObject = 8D5E56341EC1F03B00132BBA /* Project object */;
}
